// !$*UTF8*$!
{
	archiveVersion = 1;
	classes = {
	};
	objectVersion = 46;
	objects = {

/* Begin PBXBuildFile section */
		8C310A3D1BB047E6000A6BF0 /* AppDelegate.swift in Sources */ = {isa = PBXBuildFile; fileRef = 8C310A3C1BB047E6000A6BF0 /* AppDelegate.swift */; };
		8C310A3F1BB047E6000A6BF0 /* ViewController.swift in Sources */ = {isa = PBXBuildFile; fileRef = 8C310A3E1BB047E6000A6BF0 /* ViewController.swift */; };
		8C310A421BB047E6000A6BF0 /* Main.storyboard in Resources */ = {isa = PBXBuildFile; fileRef = 8C310A401BB047E6000A6BF0 /* Main.storyboard */; };
		8C310A441BB047E6000A6BF0 /* Assets.xcassets in Resources */ = {isa = PBXBuildFile; fileRef = 8C310A431BB047E6000A6BF0 /* Assets.xcassets */; };
		8C310A471BB047E6000A6BF0 /* LaunchScreen.storyboard in Resources */ = {isa = PBXBuildFile; fileRef = 8C310A451BB047E6000A6BF0 /* LaunchScreen.storyboard */; };
		8C310A621BB04BA4000A6BF0 /* Alamofire.framework in Frameworks */ = {isa = PBXBuildFile; fileRef = 8C310A571BB04B8C000A6BF0 /* Alamofire.framework */; };
/* End PBXBuildFile section */

/* Begin PBXContainerItemProxy section */
		8C310A561BB04B8C000A6BF0 /* PBXContainerItemProxy */ = {
			isa = PBXContainerItemProxy;
			containerPortal = 8C310A4E1BB04B8C000A6BF0 /* Alamofire.xcodeproj */;
			proxyType = 2;
			remoteGlobalIDString = F8111E3319A95C8B0040E7D1;
			remoteInfo = "Alamofire iOS";
		};
		8C310A581BB04B8C000A6BF0 /* PBXContainerItemProxy */ = {
			isa = PBXContainerItemProxy;
			containerPortal = 8C310A4E1BB04B8C000A6BF0 /* Alamofire.xcodeproj */;
			proxyType = 2;
			remoteGlobalIDString = 4DD67C0B1A5C55C900ED2280;
			remoteInfo = "Alamofire OSX";
		};
		8C310A5A1BB04B8C000A6BF0 /* PBXContainerItemProxy */ = {
			isa = PBXContainerItemProxy;
			containerPortal = 8C310A4E1BB04B8C000A6BF0 /* Alamofire.xcodeproj */;
			proxyType = 2;
			remoteGlobalIDString = E4202FE01B667AA100C997FB;
			remoteInfo = "Alamofire watchOS";
		};
		8C310A5C1BB04B8C000A6BF0 /* PBXContainerItemProxy */ = {
			isa = PBXContainerItemProxy;
			containerPortal = 8C310A4E1BB04B8C000A6BF0 /* Alamofire.xcodeproj */;
			proxyType = 2;
			remoteGlobalIDString = F8111E3E19A95C8B0040E7D1;
			remoteInfo = "Alamofire iOS Tests";
		};
		8C310A5E1BB04B8C000A6BF0 /* PBXContainerItemProxy */ = {
			isa = PBXContainerItemProxy;
			containerPortal = 8C310A4E1BB04B8C000A6BF0 /* Alamofire.xcodeproj */;
			proxyType = 2;
			remoteGlobalIDString = F829C6B21A7A94F100A2CD59;
			remoteInfo = "Alamofire OSX Tests";
		};
		8C310A601BB04B9E000A6BF0 /* PBXContainerItemProxy */ = {
			isa = PBXContainerItemProxy;
			containerPortal = 8C310A4E1BB04B8C000A6BF0 /* Alamofire.xcodeproj */;
			proxyType = 1;
			remoteGlobalIDString = F8111E3219A95C8B0040E7D1;
			remoteInfo = "Alamofire iOS";
		};
/* End PBXContainerItemProxy section */

/* Begin PBXFileReference section */
		8C310A391BB047E6000A6BF0 /* textTranslator.app */ = {isa = PBXFileReference; explicitFileType = wrapper.application; includeInIndex = 0; path = textTranslator.app; sourceTree = BUILT_PRODUCTS_DIR; };
		8C310A3C1BB047E6000A6BF0 /* AppDelegate.swift */ = {isa = PBXFileReference; lastKnownFileType = sourcecode.swift; path = AppDelegate.swift; sourceTree = "<group>"; };
		8C310A3E1BB047E6000A6BF0 /* ViewController.swift */ = {isa = PBXFileReference; lastKnownFileType = sourcecode.swift; path = ViewController.swift; sourceTree = "<group>"; };
		8C310A411BB047E6000A6BF0 /* Base */ = {isa = PBXFileReference; lastKnownFileType = file.storyboard; name = Base; path = Base.lproj/Main.storyboard; sourceTree = "<group>"; };
		8C310A431BB047E6000A6BF0 /* Assets.xcassets */ = {isa = PBXFileReference; lastKnownFileType = folder.assetcatalog; path = Assets.xcassets; sourceTree = "<group>"; };
		8C310A461BB047E6000A6BF0 /* Base */ = {isa = PBXFileReference; lastKnownFileType = file.storyboard; name = Base; path = Base.lproj/LaunchScreen.storyboard; sourceTree = "<group>"; };
		8C310A481BB047E6000A6BF0 /* Info.plist */ = {isa = PBXFileReference; lastKnownFileType = text.plist.xml; path = Info.plist; sourceTree = "<group>"; };
		8C310A4E1BB04B8C000A6BF0 /* Alamofire.xcodeproj */ = {isa = PBXFileReference; lastKnownFileType = "wrapper.pb-project"; name = Alamofire.xcodeproj; path = "../../../Downloads/Alamofire-master/Alamofire.xcodeproj"; sourceTree = "<group>"; };
/* End PBXFileReference section */

/* Begin PBXFrameworksBuildPhase section */
		8C310A361BB047E6000A6BF0 /* Frameworks */ = {
			isa = PBXFrameworksBuildPhase;
			buildActionMask = 2147483647;
			files = (
				8C310A621BB04BA4000A6BF0 /* Alamofire.framework in Frameworks */,
			);
			runOnlyForDeploymentPostprocessing = 0;
		};
/* End PBXFrameworksBuildPhase section */

/* Begin PBXGroup section */
		8C310A301BB047E6000A6BF0 = {
			isa = PBXGroup;
			children = (
				8C310A3B1BB047E6000A6BF0 /* textTranslator */,
				8C310A3A1BB047E6000A6BF0 /* Products */,
				8C310A4E1BB04B8C000A6BF0 /* Alamofire.xcodeproj */,
			);
			sourceTree = "<group>";
		};
		8C310A3A1BB047E6000A6BF0 /* Products */ = {
			isa = PBXGroup;
			children = (
				8C310A391BB047E6000A6BF0 /* textTranslator.app */,
			);
			name = Products;
			sourceTree = "<group>";
		};
		8C310A3B1BB047E6000A6BF0 /* textTranslator */ = {
			isa = PBXGroup;
			children = (
				8C310A3C1BB047E6000A6BF0 /* AppDelegate.swift */,
				8C310A3E1BB047E6000A6BF0 /* ViewController.swift */,
				8C310A631BB04BAA000A6BF0 /* Supporting Files */,
			);
			path = textTranslator;
			sourceTree = "<group>";
		};
		8C310A4F1BB04B8C000A6BF0 /* Products */ = {
			isa = PBXGroup;
			children = (
				8C310A571BB04B8C000A6BF0 /* Alamofire.framework */,
				8C310A591BB04B8C000A6BF0 /* Alamofire.framework */,
				8C310A5B1BB04B8C000A6BF0 /* Alamofire.framework */,
				8C310A5D1BB04B8C000A6BF0 /* Alamofire iOS Tests.xctest */,
				8C310A5F1BB04B8C000A6BF0 /* Alamofire OSX Tests.xctest */,
			);
			name = Products;
			sourceTree = "<group>";
		};
		8C310A631BB04BAA000A6BF0 /* Supporting Files */ = {
			isa = PBXGroup;
			children = (
				8C310A401BB047E6000A6BF0 /* Main.storyboard */,
				8C310A451BB047E6000A6BF0 /* LaunchScreen.storyboard */,
				8C310A481BB047E6000A6BF0 /* Info.plist */,
				8C310A431BB047E6000A6BF0 /* Assets.xcassets */,
			);
			name = "Supporting Files";
			sourceTree = "<group>";
		};
/* End PBXGroup section */

/* Begin PBXNativeTarget section */
		8C310A381BB047E6000A6BF0 /* textTranslator */ = {
			isa = PBXNativeTarget;
			buildConfigurationList = 8C310A4B1BB047E6000A6BF0 /* Build configuration list for PBXNativeTarget "textTranslator" */;
			buildPhases = (
				8C310A351BB047E6000A6BF0 /* Sources */,
				8C310A361BB047E6000A6BF0 /* Frameworks */,
				8C310A371BB047E6000A6BF0 /* Resources */,
			);
			buildRules = (
			);
			dependencies = (
				8C310A611BB04B9E000A6BF0 /* PBXTargetDependency */,
			);
			name = textTranslator;
			productName = textTranslator;
			productReference = 8C310A391BB047E6000A6BF0 /* textTranslator.app */;
			productType = "com.apple.product-type.application";
		};
/* End PBXNativeTarget section */

/* Begin PBXProject section */
		8C310A311BB047E6000A6BF0 /* Project object */ = {
			isa = PBXProject;
			attributes = {
				LastUpgradeCheck = 0700;
				ORGANIZATIONNAME = "Mertcan Yigin";
				TargetAttributes = {
					8C310A381BB047E6000A6BF0 = {
						CreatedOnToolsVersion = 7.0;
					};
				};
			};
			buildConfigurationList = 8C310A341BB047E6000A6BF0 /* Build configuration list for PBXProject "textTranslator" */;
			compatibilityVersion = "Xcode 3.2";
			developmentRegion = English;
			hasScannedForEncodings = 0;
			knownRegions = (
				en,
				Base,
			);
			mainGroup = 8C310A301BB047E6000A6BF0;
			productRefGroup = 8C310A3A1BB047E6000A6BF0 /* Products */;
			projectDirPath = "";
			projectReferences = (
				{
					ProductGroup = 8C310A4F1BB04B8C000A6BF0 /* Products */;
					ProjectRef = 8C310A4E1BB04B8C000A6BF0 /* Alamofire.xcodeproj */;
				},
			);
			projectRoot = "";
			targets = (
				8C310A381BB047E6000A6BF0 /* textTranslator */,
			);
		};
/* End PBXProject section */

/* Begin PBXReferenceProxy section */
		8C310A571BB04B8C000A6BF0 /* Alamofire.framework */ = {
			isa = PBXReferenceProxy;
			fileType = wrapper.framework;
			path = Alamofire.framework;
			remoteRef = 8C310A561BB04B8C000A6BF0 /* PBXContainerItemProxy */;
			sourceTree = BUILT_PRODUCTS_DIR;
		};
		8C310A591BB04B8C000A6BF0 /* Alamofire.framework */ = {
			isa = PBXReferenceProxy;
			fileType = wrapper.framework;
			path = Alamofire.framework;
			remoteRef = 8C310A581BB04B8C000A6BF0 /* PBXContainerItemProxy */;
			sourceTree = BUILT_PRODUCTS_DIR;
		};
		8C310A5B1BB04B8C000A6BF0 /* Alamofire.framework */ = {
			isa = PBXReferenceProxy;
			fileType = wrapper.framework;
			path = Alamofire.framework;
			remoteRef = 8C310A5A1BB04B8C000A6BF0 /* PBXContainerItemProxy */;
			sourceTree = BUILT_PRODUCTS_DIR;
		};
		8C310A5D1BB04B8C000A6BF0 /* Alamofire iOS Tests.xctest */ = {
			isa = PBXReferenceProxy;
			fileType = wrapper.cfbundle;
			path = "Alamofire iOS Tests.xctest";
			remoteRef = 8C310A5C1BB04B8C000A6BF0 /* PBXContainerItemProxy */;
			sourceTree = BUILT_PRODUCTS_DIR;
		};
		8C310A5F1BB04B8C000A6BF0 /* Alamofire OSX Tests.xctest */ = {
			isa = PBXReferenceProxy;
			fileType = wrapper.cfbundle;
			path = "Alamofire OSX Tests.xctest";
			remoteRef = 8C310A5E1BB04B8C000A6BF0 /* PBXContainerItemProxy */;
			sourceTree = BUILT_PRODUCTS_DIR;
		};
/* End PBXReferenceProxy section */

/* Begin PBXResourcesBuildPhase section */
		8C310A371BB047E6000A6BF0 /* Resources */ = {
			isa = PBXResourcesBuildPhase;
			buildActionMask = 2147483647;
			files = (
				8C310A471BB047E6000A6BF0 /* LaunchScreen.storyboard in Resources */,
				8C310A441BB047E6000A6BF0 /* Assets.xcassets in Resources */,
				8C310A421BB047E6000A6BF0 /* Main.storyboard in Resources */,
			);
			runOnlyForDeploymentPostprocessing = 0;
		};
/* End PBXResourcesBuildPhase section */

/* Begin PBXSourcesBuildPhase section */
		8C310A351BB047E6000A6BF0 /* Sources */ = {
			isa = PBXSourcesBuildPhase;
			buildActionMask = 2147483647;
			files = (
				8C310A3F1BB047E6000A6BF0 /* ViewController.swift in Sources */,
				8C310A3D1BB047E6000A6BF0 /* AppDelegate.swift in Sources */,
			);
			runOnlyForDeploymentPostprocessing = 0;
		};
/* End PBXSourcesBuildPhase section */

/* Begin PBXTargetDependency section */
		8C310A611BB04B9E000A6BF0 /* PBXTargetDependency */ = {
			isa = PBXTargetDependency;
			name = "Alamofire iOS";
			targetProxy = 8C310A601BB04B9E000A6BF0 /* PBXContainerItemProxy */;
		};
/* End PBXTargetDependency section */

/* Begin PBXVariantGroup section */
		8C310A401BB047E6000A6BF0 /* Main.storyboard */ = {
			isa = PBXVariantGroup;
			children = (
				8C310A411BB047E6000A6BF0 /* Base */,
			);
			name = Main.storyboard;
			sourceTree = "<group>";
		};
		8C310A451BB047E6000A6BF0 /* LaunchScreen.storyboard */ = {
			isa = PBXVariantGroup;
			children = (
				8C310A461BB047E6000A6BF0 /* Base */,
			);
			name = LaunchScreen.storyboard;
			sourceTree = "<group>";
		};
/* End PBXVariantGroup section */

/* Begin XCBuildConfiguration section */
		8C310A491BB047E6000A6BF0 /* Debug */ = {
			isa = XCBuildConfiguration;
			buildSettings = {
				ALWAYS_SEARCH_USER_PATHS = NO;
				CLANG_CXX_LANGUAGE_STANDARD = "gnu++0x";
				CLANG_CXX_LIBRARY = "libc++";
				CLANG_ENABLE_MODULES = YES;
				CLANG_ENABLE_OBJC_ARC = YES;
				CLANG_WARN_BOOL_CONVERSION = YES;
				CLANG_WARN_CONSTANT_CONVERSION = YES;
				CLANG_WARN_DIRECT_OBJC_ISA_USAGE = YES_ERROR;
				CLANG_WARN_EMPTY_BODY = YES;
				CLANG_WARN_ENUM_CONVERSION = YES;
				CLANG_WARN_INT_CONVERSION = YES;
				CLANG_WARN_OBJC_ROOT_CLASS = YES_ERROR;
				CLANG_WARN_UNREACHABLE_CODE = YES;
				CLANG_WARN__DUPLICATE_METHOD_MATCH = YES;
				"CODE_SIGN_IDENTITY[sdk=iphoneos*]" = "iPhone Developer";
				COPY_PHASE_STRIP = NO;
				DEBUG_INFORMATION_FORMAT = dwarf;
				ENABLE_STRICT_OBJC_MSGSEND = YES;
				ENABLE_TESTABILITY = YES;
				GCC_C_LANGUAGE_STANDARD = gnu99;
				GCC_DYNAMIC_NO_PIC = NO;
				GCC_NO_COMMON_BLOCKS = YES;
				GCC_OPTIMIZATION_LEVEL = 0;
				GCC_PREPROCESSOR_DEFINITIONS = (
					"DEBUG=1",
					"$(inherited)",
				);
				GCC_WARN_64_TO_32_BIT_CONVERSION = YES;
				GCC_WARN_ABOUT_RETURN_TYPE = YES_ERROR;
				GCC_WARN_UNDECLARED_SELECTOR = YES;
				GCC_WARN_UNINITIALIZED_AUTOS = YES_AGGRESSIVE;
				GCC_WARN_UNUSED_FUNCTION = YES;
				GCC_WARN_UNUSED_VARIABLE = YES;
				IPHONEOS_DEPLOYMENT_TARGET = 9.0;
				MTL_ENABLE_DEBUG_INFO = YES;
				ONLY_ACTIVE_ARCH = YES;
				SDKROOT = iphoneos;
				SWIFT_OPTIMIZATION_LEVEL = "-Onone";
				TARGETED_DEVICE_FAMILY = "1,2";
			};
			name = Debug;
		};
		8C310A4A1BB047E6000A6BF0 /* Release */ = {
			isa = XCBuildConfiguration;
			buildSettings = {
				ALWAYS_SEARCH_USER_PATHS = NO;
				CLANG_CXX_LANGUAGE_STANDARD = "gnu++0x";
				CLANG_CXX_LIBRARY = "libc++";
				CLANG_ENABLE_MODULES = YES;
				CLANG_ENABLE_OBJC_ARC = YES;
				CLANG_WARN_BOOL_CONVERSION = YES;
				CLANG_WARN_CONSTANT_CONVERSION = YES;
				CLANG_WARN_DIRECT_OBJC_ISA_USAGE = YES_ERROR;
				CLANG_WARN_EMPTY_BODY = YES;
				CLANG_WARN_ENUM_CONVERSION = YES;
				CLANG_WARN_INT_CONVERSION = YES;
				CLANG_WARN_OBJC_ROOT_CLASS = YES_ERROR;
				CLANG_WARN_UNREACHABLE_CODE = YES;
				CLANG_WARN__DUPLICATE_METHOD_MATCH = YES;
				"CODE_SIGN_IDENTITY[sdk=iphoneos*]" = "iPhone Developer";
				COPY_PHASE_STRIP = NO;
				DEBUG_INFORMATION_FORMAT = "dwarf-with-dsym";
				ENABLE_NS_ASSERTIONS = NO;
				ENABLE_STRICT_OBJC_MSGSEND = YES;
				GCC_C_LANGUAGE_STANDARD = gnu99;
				GCC_NO_COMMON_BLOCKS = YES;
				GCC_WARN_64_TO_32_BIT_CONVERSION = YES;
				GCC_WARN_ABOUT_RETURN_TYPE = YES_ERROR;
				GCC_WARN_UNDECLARED_SELECTOR = YES;
				GCC_WARN_UNINITIALIZED_AUTOS = YES_AGGRESSIVE;
				GCC_WARN_UNUSED_FUNCTION = YES;
				GCC_WARN_UNUSED_VARIABLE = YES;
				IPHONEOS_DEPLOYMENT_TARGET = 9.0;
				MTL_ENABLE_DEBUG_INFO = NO;
				SDKROOT = iphoneos;
				TARGETED_DEVICE_FAMILY = "1,2";
				VALIDATE_PRODUCT = YES;
			};
			name = Release;
		};
		8C310A4C1BB047E6000A6BF0 /* Debug */ = {
			isa = XCBuildConfiguration;
			buildSettings = {
				ASSETCATALOG_COMPILER_APPICON_NAME = AppIcon;
				INFOPLIST_FILE = textTranslator/Info.plist;
				LD_RUNPATH_SEARCH_PATHS = "$(inherited) @executable_path/Frameworks";
				PRODUCT_BUNDLE_IDENTIFIER = myigin.textTranslator;
				PRODUCT_NAME = "$(TARGET_NAME)";
			};
			name = Debug;
		};
		8C310A4D1BB047E6000A6BF0 /* Release */ = {
			isa = XCBuildConfiguration;
			buildSettings = {
				ASSETCATALOG_COMPILER_APPICON_NAME = AppIcon;
				INFOPLIST_FILE = textTranslator/Info.plist;
				LD_RUNPATH_SEARCH_PATHS = "$(inherited) @executable_path/Frameworks";
				PRODUCT_BUNDLE_IDENTIFIER = myigin.textTranslator;
				PRODUCT_NAME = "$(TARGET_NAME)";
			};
			name = Release;
		};
/* End XCBuildConfiguration section */

/* Begin XCConfigurationList section */
		8C310A341BB047E6000A6BF0 /* Build configuration list for PBXProject "textTranslator" */ = {
			isa = XCConfigurationList;
			buildConfigurations = (
				8C310A491BB047E6000A6BF0 /* Debug */,
				8C310A4A1BB047E6000A6BF0 /* Release */,
			);
			defaultConfigurationIsVisible = 0;
			defaultConfigurationName = Release;
		};
		8C310A4B1BB047E6000A6BF0 /* Build configuration list for PBXNativeTarget "textTranslator" */ = {
			isa = XCConfigurationList;
			buildConfigurations = (
				8C310A4C1BB047E6000A6BF0 /* Debug */,
				8C310A4D1BB047E6000A6BF0 /* Release */,
			);
			defaultConfigurationIsVisible = 0;
		};
/* End XCConfigurationList section */
	};
	rootObject = 8C310A311BB047E6000A6BF0 /* Project object */;
}
